{
  "name": "threejslab",
  "version": "1.0.0",
  "lockfileVersion": 2,
  "requires": true,
  "packages": {
    "": {
      "name": "threejslab",
      "version": "1.0.0",
      "license": "ISC",
      "dependencies": {
        "nuclide-prebuilt-libs": "^0.6.3",
        "three": "^0.135.0",
        "uikit": "^3.9.4"
      }
    },
    "node_modules/nuclide-prebuilt-libs": {
      "version": "0.6.3",
      "resolved": "https://registry.npmjs.org/nuclide-prebuilt-libs/-/nuclide-prebuilt-libs-0.6.3.tgz",
      "integrity": "sha512-mujjc+t22ul4hEO/k+12UXxonhUzH2pmLxx6BqkLM+B6ow5EymFfxh3NCfHsERZH/8zjmlLqd7Z/p0tHSkWtBQ=="
    },
    "node_modules/three": {
      "version": "0.135.0",
      "resolved": "https://registry.npmjs.org/three/-/three-0.135.0.tgz",
      "integrity": "sha512-kuEpuuxRzLv0MDsXai9huCxOSQPZ4vje6y0gn80SRmQvgz6/+rI0NAvCRAw56zYaWKMGMfqKWsxF9Qa2Z9xymQ=="
    },
    "node_modules/uikit": {
      "version": "3.9.4",
      "resolved": "https://registry.npmjs.org/uikit/-/uikit-3.9.4.tgz",
      "integrity": "sha512-mrOr/k3a/6/VBXgnqmQFg0l2ipZyoTpULZZgJ0RVHZz97HNrc28KQsb24pl8wxtw+BGpD39nfMhSmOznyOZuHw=="
    }
  },
  "dependencies": {
    "nuclide-prebuilt-libs": {
      "version": "0.6.3",
      "resolved": "https://registry.npmjs.org/nuclide-prebuilt-libs/-/nuclide-prebuilt-libs-0.6.3.tgz",
      "integrity": "sha512-mujjc+t22ul4hEO/k+12UXxonhUzH2pmLxx6BqkLM+B6ow5EymFfxh3NCfHsERZH/8zjmlLqd7Z/p0tHSkWtBQ=="
    },
    "three": {
      "version": "0.135.0",
      "resolved": "https://registry.npmjs.org/three/-/three-0.135.0.tgz",
      "integrity": "sha512-kuEpuuxRzLv0MDsXai9huCxOSQPZ4vje6y0gn80SRmQvgz6/+rI0NAvCRAw56zYaWKMGMfqKWsxF9Qa2Z9xymQ=="
    },
    "uikit": {
      "version": "3.9.4",
      "resolved": "https://registry.npmjs.org/uikit/-/uikit-3.9.4.tgz",
      "integrity": "sha512-mrOr/k3a/6/VBXgnqmQFg0l2ipZyoTpULZZgJ0RVHZz97HNrc28KQsb24pl8wxtw+BGpD39nfMhSmOznyOZuHw=="
    }
  }
}
